// !$*UTF8*$!
{
	archiveVersion = 1;
	classes = {
	};
	objectVersion = 55;
	objects = {

/* Begin PBXBuildFile section */
		D621415E2A29E4D80094BBCA /* AppDelegate.swift in Sources */ = {isa = PBXBuildFile; fileRef = D621415D2A29E4D80094BBCA /* AppDelegate.swift */; };
		D62141602A29E4D80094BBCA /* SceneDelegate.swift in Sources */ = {isa = PBXBuildFile; fileRef = D621415F2A29E4D80094BBCA /* SceneDelegate.swift */; };
		D62141622A29E4D80094BBCA /* ViewController.swift in Sources */ = {isa = PBXBuildFile; fileRef = D62141612A29E4D80094BBCA /* ViewController.swift */; };
		D62141652A29E4D80094BBCA /* Main.storyboard in Resources */ = {isa = PBXBuildFile; fileRef = D62141632A29E4D80094BBCA /* Main.storyboard */; };
		D62141672A29E4DE0094BBCA /* Assets.xcassets in Resources */ = {isa = PBXBuildFile; fileRef = D62141662A29E4DE0094BBCA /* Assets.xcassets */; };
		D621416A2A29E4DE0094BBCA /* LaunchScreen.storyboard in Resources */ = {isa = PBXBuildFile; fileRef = D62141682A29E4DE0094BBCA /* LaunchScreen.storyboard */; };
		D62141732A2A130B0094BBCA /* DeteilCollectionViewCell.swift in Sources */ = {isa = PBXBuildFile; fileRef = D62141722A2A130B0094BBCA /* DeteilCollectionViewCell.swift */; };
		D62141762A2A133B0094BBCA /* SnapKit in Frameworks */ = {isa = PBXBuildFile; productRef = D62141752A2A133B0094BBCA /* SnapKit */; };
		D6D9C4E82A2DFDE40070317D /* CollectionViewCell.swift in Sources */ = {isa = PBXBuildFile; fileRef = D6D9C4E62A2DFDE40070317D /* CollectionViewCell.swift */; };
		D6D9C4EB2A2F584C0070317D /* Products.swift in Sources */ = {isa = PBXBuildFile; fileRef = D6D9C4EA2A2F584C0070317D /* Products.swift */; };
		D6D9C5362A309FBF0070317D /* ApiManager.swift in Sources */ = {isa = PBXBuildFile; fileRef = D6D9C5352A309FBF0070317D /* ApiManager.swift */; };
		D6D9C5392A30A2500070317D /* ProductModel.swift in Sources */ = {isa = PBXBuildFile; fileRef = D6D9C5382A30A24F0070317D /* ProductModel.swift */; };
		D6D9C53C2A30A2BF0070317D /* Kingfisher in Frameworks */ = {isa = PBXBuildFile; productRef = D6D9C53B2A30A2BF0070317D /* Kingfisher */; };
/* End PBXBuildFile section */

/* Begin PBXFileReference section */
		D621415A2A29E4D80094BBCA /* tash6.4.app */ = {isa = PBXFileReference; explicitFileType = wrapper.application; includeInIndex = 0; path = tash6.4.app; sourceTree = BUILT_PRODUCTS_DIR; };
		D621415D2A29E4D80094BBCA /* AppDelegate.swift */ = {isa = PBXFileReference; lastKnownFileType = sourcecode.swift; path = AppDelegate.swift; sourceTree = "<group>"; };
		D621415F2A29E4D80094BBCA /* SceneDelegate.swift */ = {isa = PBXFileReference; lastKnownFileType = sourcecode.swift; path = SceneDelegate.swift; sourceTree = "<group>"; };
		D62141612A29E4D80094BBCA /* ViewController.swift */ = {isa = PBXFileReference; lastKnownFileType = sourcecode.swift; path = ViewController.swift; sourceTree = "<group>"; };
		D62141642A29E4D80094BBCA /* Base */ = {isa = PBXFileReference; lastKnownFileType = file.storyboard; name = Base; path = Base.lproj/Main.storyboard; sourceTree = "<group>"; };
		D62141662A29E4DE0094BBCA /* Assets.xcassets */ = {isa = PBXFileReference; lastKnownFileType = folder.assetcatalog; path = Assets.xcassets; sourceTree = "<group>"; };
		D62141692A29E4DE0094BBCA /* Base */ = {isa = PBXFileReference; lastKnownFileType = file.storyboard; name = Base; path = Base.lproj/LaunchScreen.storyboard; sourceTree = "<group>"; };
		D621416B2A29E4DE0094BBCA /* Info.plist */ = {isa = PBXFileReference; lastKnownFileType = text.plist.xml; path = Info.plist; sourceTree = "<group>"; };
		D62141722A2A130B0094BBCA /* DeteilCollectionViewCell.swift */ = {isa = PBXFileReference; lastKnownFileType = sourcecode.swift; path = DeteilCollectionViewCell.swift; sourceTree = "<group>"; };
		D6D9C4E62A2DFDE40070317D /* CollectionViewCell.swift */ = {isa = PBXFileReference; lastKnownFileType = sourcecode.swift; path = CollectionViewCell.swift; sourceTree = "<group>"; };
		D6D9C4EA2A2F584C0070317D /* Products.swift */ = {isa = PBXFileReference; lastKnownFileType = sourcecode.swift; path = Products.swift; sourceTree = "<group>"; };
		D6D9C5352A309FBF0070317D /* ApiManager.swift */ = {isa = PBXFileReference; lastKnownFileType = sourcecode.swift; path = ApiManager.swift; sourceTree = "<group>"; };
		D6D9C5382A30A24F0070317D /* ProductModel.swift */ = {isa = PBXFileReference; lastKnownFileType = sourcecode.swift; path = ProductModel.swift; sourceTree = "<group>"; };
/* End PBXFileReference section */

/* Begin PBXFrameworksBuildPhase section */
		D62141572A29E4D80094BBCA /* Frameworks */ = {
			isa = PBXFrameworksBuildPhase;
			buildActionMask = 2147483647;
			files = (
				D6D9C53C2A30A2BF0070317D /* Kingfisher in Frameworks */,
				D62141762A2A133B0094BBCA /* SnapKit in Frameworks */,
			);
			runOnlyForDeploymentPostprocessing = 0;
		};
/* End PBXFrameworksBuildPhase section */

/* Begin PBXGroup section */
		D62141512A29E4D80094BBCA = {
			isa = PBXGroup;
			children = (
				D621415C2A29E4D80094BBCA /* tash6.4 */,
				D621415B2A29E4D80094BBCA /* Products */,
			);
			sourceTree = "<group>";
		};
		D621415B2A29E4D80094BBCA /* Products */ = {
			isa = PBXGroup;
			children = (
				D621415A2A29E4D80094BBCA /* tash6.4.app */,
			);
			name = Products;
			sourceTree = "<group>";
		};
		D621415C2A29E4D80094BBCA /* tash6.4 */ = {
			isa = PBXGroup;
			children = (
				D6D9C5342A309FA50070317D /* networking */,
				D62141782A2A13DE0094BBCA /* models */,
				D62141772A2A134F0094BBCA /* vc */,
				D62141712A2A12B50094BBCA /* customcell */,
				D621415D2A29E4D80094BBCA /* AppDelegate.swift */,
				D621415F2A29E4D80094BBCA /* SceneDelegate.swift */,
				D62141632A29E4D80094BBCA /* Main.storyboard */,
				D62141662A29E4DE0094BBCA /* Assets.xcassets */,
				D62141682A29E4DE0094BBCA /* LaunchScreen.storyboard */,
				D621416B2A29E4DE0094BBCA /* Info.plist */,
			);
			path = tash6.4;
			sourceTree = "<group>";
		};
		D62141712A2A12B50094BBCA /* customcell */ = {
			isa = PBXGroup;
			children = (
				D62141722A2A130B0094BBCA /* DeteilCollectionViewCell.swift */,
				D6D9C4E62A2DFDE40070317D /* CollectionViewCell.swift */,
			);
			path = customcell;
			sourceTree = "<group>";
		};
		D62141772A2A134F0094BBCA /* vc */ = {
			isa = PBXGroup;
			children = (
				D62141612A29E4D80094BBCA /* ViewController.swift */,
			);
			path = vc;
			sourceTree = "<group>";
		};
		D62141782A2A13DE0094BBCA /* models */ = {
			isa = PBXGroup;
			children = (
				D6D9C4EA2A2F584C0070317D /* Products.swift */,
				D6D9C5382A30A24F0070317D /* ProductModel.swift */,
			);
			path = models;
			sourceTree = "<group>";
		};
		D6D9C5342A309FA50070317D /* networking */ = {
			isa = PBXGroup;
			children = (
				D6D9C5352A309FBF0070317D /* ApiManager.swift */,
			);
			path = networking;
			sourceTree = "<group>";
		};
/* End PBXGroup section */

/* Begin PBXNativeTarget section */
		D62141592A29E4D80094BBCA /* tash6.4 */ = {
			isa = PBXNativeTarget;
			buildConfigurationList = D621416E2A29E4DE0094BBCA /* Build configuration list for PBXNativeTarget "tash6.4" */;
			buildPhases = (
				D62141562A29E4D80094BBCA /* Sources */,
				D62141572A29E4D80094BBCA /* Frameworks */,
				D62141582A29E4D80094BBCA /* Resources */,
			);
			buildRules = (
			);
			dependencies = (
			);
			name = tash6.4;
			packageProductDependencies = (
				D62141752A2A133B0094BBCA /* SnapKit */,
				D6D9C53B2A30A2BF0070317D /* Kingfisher */,
			);
			productName = tash6.4;
			productReference = D621415A2A29E4D80094BBCA /* tash6.4.app */;
			productType = "com.apple.product-type.application";
		};
/* End PBXNativeTarget section */

/* Begin PBXProject section */
		D62141522A29E4D80094BBCA /* Project object */ = {
			isa = PBXProject;
			attributes = {
				BuildIndependentTargetsInParallel = 1;
				LastSwiftUpdateCheck = 1310;
				LastUpgradeCheck = 1310;
				TargetAttributes = {
					D62141592A29E4D80094BBCA = {
						CreatedOnToolsVersion = 13.1;
					};
				};
			};
			buildConfigurationList = D62141552A29E4D80094BBCA /* Build configuration list for PBXProject "tash6.4" */;
			compatibilityVersion = "Xcode 13.0";
			developmentRegion = en;
			hasScannedForEncodings = 0;
			knownRegions = (
				en,
				Base,
			);
			mainGroup = D62141512A29E4D80094BBCA;
			packageReferences = (
				D62141742A2A133B0094BBCA /* XCRemoteSwiftPackageReference "SnapKit" */,
				D6D9C53A2A30A2BF0070317D /* XCRemoteSwiftPackageReference "Kingfisher" */,
			);
			productRefGroup = D621415B2A29E4D80094BBCA /* Products */;
			projectDirPath = "";
			projectRoot = "";
			targets = (
				D62141592A29E4D80094BBCA /* tash6.4 */,
			);
		};
/* End PBXProject section */

/* Begin PBXResourcesBuildPhase section */
		D62141582A29E4D80094BBCA /* Resources */ = {
			isa = PBXResourcesBuildPhase;
			buildActionMask = 2147483647;
			files = (
				D621416A2A29E4DE0094BBCA /* LaunchScreen.storyboard in Resources */,
				D62141672A29E4DE0094BBCA /* Assets.xcassets in Resources */,
				D62141652A29E4D80094BBCA /* Main.storyboard in Resources */,
			);
			runOnlyForDeploymentPostprocessing = 0;
		};
/* End PBXResourcesBuildPhase section */

/* Begin PBXSourcesBuildPhase section */
		D62141562A29E4D80094BBCA /* Sources */ = {
			isa = PBXSourcesBuildPhase;
			buildActionMask = 2147483647;
			files = (
				D62141622A29E4D80094BBCA /* ViewController.swift in Sources */,
				D621415E2A29E4D80094BBCA /* AppDelegate.swift in Sources */,
				D6D9C4E82A2DFDE40070317D /* CollectionViewCell.swift in Sources */,
				D6D9C5362A309FBF0070317D /* ApiManager.swift in Sources */,
				D6D9C4EB2A2F584C0070317D /* Products.swift in Sources */,
				D62141602A29E4D80094BBCA /* SceneDelegate.swift in Sources */,
				D62141732A2A130B0094BBCA /* DeteilCollectionViewCell.swift in Sources */,
				D6D9C5392A30A2500070317D /* ProductModel.swift in Sources */,
			);
			runOnlyForDeploymentPostprocessing = 0;
		};
/* End PBXSourcesBuildPhase section */

/* Begin PBXVariantGroup section */
		D62141632A29E4D80094BBCA /* Main.storyboard */ = {
			isa = PBXVariantGroup;
			children = (
				D62141642A29E4D80094BBCA /* Base */,
			);
			name = Main.storyboard;
			sourceTree = "<group>";
		};
		D62141682A29E4DE0094BBCA /* LaunchScreen.storyboard */ = {
			isa = PBXVariantGroup;
			children = (
				D62141692A29E4DE0094BBCA /* Base */,
			);
			name = LaunchScreen.storyboard;
			sourceTree = "<group>";
		};
/* End PBXVariantGroup section */

/* Begin XCBuildConfiguration section */
		D621416C2A29E4DE0094BBCA /* Debug */ = {
			isa = XCBuildConfiguration;
			buildSettings = {
				ALWAYS_SEARCH_USER_PATHS = NO;
				CLANG_ANALYZER_NONNULL = YES;
				CLANG_ANALYZER_NUMBER_OBJECT_CONVERSION = YES_AGGRESSIVE;
				CLANG_CXX_LANGUAGE_STANDARD = "gnu++17";
				CLANG_CXX_LIBRARY = "libc++";
				CLANG_ENABLE_MODULES = YES;
				CLANG_ENABLE_OBJC_ARC = YES;
				CLANG_ENABLE_OBJC_WEAK = YES;
				CLANG_WARN_BLOCK_CAPTURE_AUTORELEASING = YES;
				CLANG_WARN_BOOL_CONVERSION = YES;
				CLANG_WARN_COMMA = YES;
				CLANG_WARN_CONSTANT_CONVERSION = YES;
				CLANG_WARN_DEPRECATED_OBJC_IMPLEMENTATIONS = YES;
				CLANG_WARN_DIRECT_OBJC_ISA_USAGE = YES_ERROR;
				CLANG_WARN_DOCUMENTATION_COMMENTS = YES;
				CLANG_WARN_EMPTY_BODY = YES;
				CLANG_WARN_ENUM_CONVERSION = YES;
				CLANG_WARN_INFINITE_RECURSION = YES;
				CLANG_WARN_INT_CONVERSION = YES;
				CLANG_WARN_NON_LITERAL_NULL_CONVERSION = YES;
				CLANG_WARN_OBJC_IMPLICIT_RETAIN_SELF = YES;
				CLANG_WARN_OBJC_LITERAL_CONVERSION = YES;
				CLANG_WARN_OBJC_ROOT_CLASS = YES_ERROR;
				CLANG_WARN_QUOTED_INCLUDE_IN_FRAMEWORK_HEADER = YES;
				CLANG_WARN_RANGE_LOOP_ANALYSIS = YES;
				CLANG_WARN_STRICT_PROTOTYPES = YES;
				CLANG_WARN_SUSPICIOUS_MOVE = YES;
				CLANG_WARN_UNGUARDED_AVAILABILITY = YES_AGGRESSIVE;
				CLANG_WARN_UNREACHABLE_CODE = YES;
				CLANG_WARN__DUPLICATE_METHOD_MATCH = YES;
				COPY_PHASE_STRIP = NO;
				DEBUG_INFORMATION_FORMAT = dwarf;
				ENABLE_STRICT_OBJC_MSGSEND = YES;
				ENABLE_TESTABILITY = YES;
				GCC_C_LANGUAGE_STANDARD = gnu11;
				GCC_DYNAMIC_NO_PIC = NO;
				GCC_NO_COMMON_BLOCKS = YES;
				GCC_OPTIMIZATION_LEVEL = 0;
				GCC_PREPROCESSOR_DEFINITIONS = (
					"DEBUG=1",
					"$(inherited)",
				);
				GCC_WARN_64_TO_32_BIT_CONVERSION = YES;
				GCC_WARN_ABOUT_RETURN_TYPE = YES_ERROR;
				GCC_WARN_UNDECLARED_SELECTOR = YES;
				GCC_WARN_UNINITIALIZED_AUTOS = YES_AGGRESSIVE;
				GCC_WARN_UNUSED_FUNCTION = YES;
				GCC_WARN_UNUSED_VARIABLE = YES;
				IPHONEOS_DEPLOYMENT_TARGET = 15.0;
				MTL_ENABLE_DEBUG_INFO = INCLUDE_SOURCE;
				MTL_FAST_MATH = YES;
				ONLY_ACTIVE_ARCH = YES;
				SDKROOT = iphoneos;
				SWIFT_ACTIVE_COMPILATION_CONDITIONS = DEBUG;
				SWIFT_OPTIMIZATION_LEVEL = "-Onone";
			};
			name = Debug;
		};
		D621416D2A29E4DE0094BBCA /* Release */ = {
			isa = XCBuildConfiguration;
			buildSettings = {
				ALWAYS_SEARCH_USER_PATHS = NO;
				CLANG_ANALYZER_NONNULL = YES;
				CLANG_ANALYZER_NUMBER_OBJECT_CONVERSION = YES_AGGRESSIVE;
				CLANG_CXX_LANGUAGE_STANDARD = "gnu++17";
				CLANG_CXX_LIBRARY = "libc++";
				CLANG_ENABLE_MODULES = YES;
				CLANG_ENABLE_OBJC_ARC = YES;
				CLANG_ENABLE_OBJC_WEAK = YES;
				CLANG_WARN_BLOCK_CAPTURE_AUTORELEASING = YES;
				CLANG_WARN_BOOL_CONVERSION = YES;
				CLANG_WARN_COMMA = YES;
				CLANG_WARN_CONSTANT_CONVERSION = YES;
				CLANG_WARN_DEPRECATED_OBJC_IMPLEMENTATIONS = YES;
				CLANG_WARN_DIRECT_OBJC_ISA_USAGE = YES_ERROR;
				CLANG_WARN_DOCUMENTATION_COMMENTS = YES;
				CLANG_WARN_EMPTY_BODY = YES;
				CLANG_WARN_ENUM_CONVERSION = YES;
				CLANG_WARN_INFINITE_RECURSION = YES;
				CLANG_WARN_INT_CONVERSION = YES;
				CLANG_WARN_NON_LITERAL_NULL_CONVERSION = YES;
				CLANG_WARN_OBJC_IMPLICIT_RETAIN_SELF = YES;
				CLANG_WARN_OBJC_LITERAL_CONVERSION = YES;
				CLANG_WARN_OBJC_ROOT_CLASS = YES_ERROR;
				CLANG_WARN_QUOTED_INCLUDE_IN_FRAMEWORK_HEADER = YES;
				CLANG_WARN_RANGE_LOOP_ANALYSIS = YES;
				CLANG_WARN_STRICT_PROTOTYPES = YES;
				CLANG_WARN_SUSPICIOUS_MOVE = YES;
				CLANG_WARN_UNGUARDED_AVAILABILITY = YES_AGGRESSIVE;
				CLANG_WARN_UNREACHABLE_CODE = YES;
				CLANG_WARN__DUPLICATE_METHOD_MATCH = YES;
				COPY_PHASE_STRIP = NO;
				DEBUG_INFORMATION_FORMAT = "dwarf-with-dsym";
				ENABLE_NS_ASSERTIONS = NO;
				ENABLE_STRICT_OBJC_MSGSEND = YES;
				GCC_C_LANGUAGE_STANDARD = gnu11;
				GCC_NO_COMMON_BLOCKS = YES;
				GCC_WARN_64_TO_32_BIT_CONVERSION = YES;
				GCC_WARN_ABOUT_RETURN_TYPE = YES_ERROR;
				GCC_WARN_UNDECLARED_SELECTOR = YES;
				GCC_WARN_UNINITIALIZED_AUTOS = YES_AGGRESSIVE;
				GCC_WARN_UNUSED_FUNCTION = YES;
				GCC_WARN_UNUSED_VARIABLE = YES;
				IPHONEOS_DEPLOYMENT_TARGET = 15.0;
				MTL_ENABLE_DEBUG_INFO = NO;
				MTL_FAST_MATH = YES;
				SDKROOT = iphoneos;
				SWIFT_COMPILATION_MODE = wholemodule;
				SWIFT_OPTIMIZATION_LEVEL = "-O";
				VALIDATE_PRODUCT = YES;
			};
			name = Release;
		};
		D621416F2A29E4DE0094BBCA /* Debug */ = {
			isa = XCBuildConfiguration;
			buildSettings = {
				ASSETCATALOG_COMPILER_APPICON_NAME = AppIcon;
				ASSETCATALOG_COMPILER_GLOBAL_ACCENT_COLOR_NAME = AccentColor;
				CODE_SIGN_STYLE = Automatic;
				CURRENT_PROJECT_VERSION = 1;
				GENERATE_INFOPLIST_FILE = YES;
				INFOPLIST_FILE = tash6.4/Info.plist;
				INFOPLIST_KEY_UIApplicationSupportsIndirectInputEvents = YES;
				INFOPLIST_KEY_UILaunchStoryboardName = LaunchScreen;
				INFOPLIST_KEY_UIMainStoryboardFile = Main;
				INFOPLIST_KEY_UISupportedInterfaceOrientations_iPad = "UIInterfaceOrientationPortrait UIInterfaceOrientationPortraitUpsideDown UIInterfaceOrientationLandscapeLeft UIInterfaceOrientationLandscapeRight";
				INFOPLIST_KEY_UISupportedInterfaceOrientations_iPhone = "UIInterfaceOrientationPortrait UIInterfaceOrientationLandscapeLeft UIInterfaceOrientationLandscapeRight";
				LD_RUNPATH_SEARCH_PATHS = (
					"$(inherited)",
					"@executable_path/Frameworks",
				);
				MARKETING_VERSION = 1.0;
				PRODUCT_BUNDLE_IDENTIFIER = "com.mycookie.tash6-4";
				PRODUCT_NAME = "$(TARGET_NAME)";
				SWIFT_EMIT_LOC_STRINGS = YES;
				SWIFT_VERSION = 5.0;
				TARGETED_DEVICE_FAMILY = "1,2";
			};
			name = Debug;
		};
		D62141702A29E4DE0094BBCA /* Release */ = {
			isa = XCBuildConfiguration;
			buildSettings = {
				ASSETCATALOG_COMPILER_APPICON_NAME = AppIcon;
				ASSETCATALOG_COMPILER_GLOBAL_ACCENT_COLOR_NAME = AccentColor;
				CODE_SIGN_STYLE = Automatic;
				CURRENT_PROJECT_VERSION = 1;
				GENERATE_INFOPLIST_FILE = YES;
				INFOPLIST_FILE = tash6.4/Info.plist;
				INFOPLIST_KEY_UIApplicationSupportsIndirectInputEvents = YES;
				INFOPLIST_KEY_UILaunchStoryboardName = LaunchScreen;
				INFOPLIST_KEY_UIMainStoryboardFile = Main;
				INFOPLIST_KEY_UISupportedInterfaceOrientations_iPad = "UIInterfaceOrientationPortrait UIInterfaceOrientationPortraitUpsideDown UIInterfaceOrientationLandscapeLeft UIInterfaceOrientationLandscapeRight";
				INFOPLIST_KEY_UISupportedInterfaceOrientations_iPhone = "UIInterfaceOrientationPortrait UIInterfaceOrientationLandscapeLeft UIInterfaceOrientationLandscapeRight";
				LD_RUNPATH_SEARCH_PATHS = (
					"$(inherited)",
					"@executable_path/Frameworks",
				);
				MARKETING_VERSION = 1.0;
				PRODUCT_BUNDLE_IDENTIFIER = "com.mycookie.tash6-4";
				PRODUCT_NAME = "$(TARGET_NAME)";
				SWIFT_EMIT_LOC_STRINGS = YES;
				SWIFT_VERSION = 5.0;
				TARGETED_DEVICE_FAMILY = "1,2";
			};
			name = Release;
		};
/* End XCBuildConfiguration section */

/* Begin XCConfigurationList section */
		D62141552A29E4D80094BBCA /* Build configuration list for PBXProject "tash6.4" */ = {
			isa = XCConfigurationList;
			buildConfigurations = (
				D621416C2A29E4DE0094BBCA /* Debug */,
				D621416D2A29E4DE0094BBCA /* Release */,
			);
			defaultConfigurationIsVisible = 0;
			defaultConfigurationName = Release;
		};
		D621416E2A29E4DE0094BBCA /* Build configuration list for PBXNativeTarget "tash6.4" */ = {
			isa = XCConfigurationList;
			buildConfigurations = (
				D621416F2A29E4DE0094BBCA /* Debug */,
				D62141702A29E4DE0094BBCA /* Release */,
			);
			defaultConfigurationIsVisible = 0;
			defaultConfigurationName = Release;
		};
/* End XCConfigurationList section */

/* Begin XCRemoteSwiftPackageReference section */
		D62141742A2A133B0094BBCA /* XCRemoteSwiftPackageReference "SnapKit" */ = {
			isa = XCRemoteSwiftPackageReference;
			repositoryURL = "https://github.com/SnapKit/SnapKit.git";
			requirement = {
				branch = develop;
				kind = branch;
			};
		};
		D6D9C53A2A30A2BF0070317D /* XCRemoteSwiftPackageReference "Kingfisher" */ = {
			isa = XCRemoteSwiftPackageReference;
			repositoryURL = "https://github.com/onevcat/Kingfisher.git";
			requirement = {
				kind = upToNextMajorVersion;
				minimumVersion = 6.3.1;
			};
		};
/* End XCRemoteSwiftPackageReference section */

/* Begin XCSwiftPackageProductDependency section */
		D62141752A2A133B0094BBCA /* SnapKit */ = {
			isa = XCSwiftPackageProductDependency;
			package = D62141742A2A133B0094BBCA /* XCRemoteSwiftPackageReference "SnapKit" */;
			productName = SnapKit;
		};
		D6D9C53B2A30A2BF0070317D /* Kingfisher */ = {
			isa = XCSwiftPackageProductDependency;
			package = D6D9C53A2A30A2BF0070317D /* XCRemoteSwiftPackageReference "Kingfisher" */;
			productName = Kingfisher;
		};
/* End XCSwiftPackageProductDependency section */
	};
	rootObject = D62141522A29E4D80094BBCA /* Project object */;
}
